
Microsoft Visual Studio Solution File, Format Version 12.00
# Visual Studio Version 17
VisualStudioVersion = 17.10.35122.118
MinimumVisualStudioVersion = 10.0.40219.1
Project("{8BC9CEB8-8B4A-11D0-8D11-00A0C91BC942}") = "LEVEL2-2", "LEVEL2-2\LEVEL2-2.vcxproj", "{4B349424-2A71-44F1-83D6-CBF1BFD9E0D9}"
EndProject
Global
	GlobalSection(SolutionConfigurationPlatforms) = preSolution
		Debug|x64 = Debug|x64
		Debug|x86 = Debug|x86
		Release|x64 = Release|x64
		Release|x86 = Release|x86
	EndGlobalSection
	GlobalSection(ProjectConfigurationPlatforms) = postSolution
		{4B349424-2A71-44F1-83D6-CBF1BFD9E0D9}.Debug|x64.ActiveCfg = Debug|x64
		{4B349424-2A71-44F1-83D6-CBF1BFD9E0D9}.Debug|x64.Build.0 = Debug|x64
		{4B349424-2A71-44F1-83D6-CBF1BFD9E0D9}.Debug|x86.ActiveCfg = Debug|Win32
		{4B349424-2A71-44F1-83D6-CBF1BFD9E0D9}.Debug|x86.Build.0 = Debug|Win32
		{4B349424-2A71-44F1-83D6-CBF1BFD9E0D9}.Release|x64.ActiveCfg = Release|x64
		{4B349424-2A71-44F1-83D6-CBF1BFD9E0D9}.Release|x64.Build.0 = Release|x64
		{4B349424-2A71-44F1-83D6-CBF1BFD9E0D9}.Release|x86.ActiveCfg = Release|Win32
		{4B349424-2A71-44F1-83D6-CBF1BFD9E0D9}.Release|x86.Build.0 = Release|Win32
	EndGlobalSection
	GlobalSection(SolutionProperties) = preSolution
		HideSolutionNode = FALSE
	EndGlobalSection
	GlobalSection(ExtensibilityGlobals) = postSolution
		SolutionGuid = {422E480D-BE28-4A3A-BAED-921FC8551E9C}
	EndGlobalSection
EndGlobal
